
Microsoft Visual Studio Solution File, Format Version 12.00
# Visual Studio Version 17
VisualStudioVersion = 17.11.35327.3
MinimumVisualStudioVersion = 10.0.40219.1
Project("{FAE04EC0-301F-11D3-BF4B-00C04F79EFBC}") = "CosmosKernelProvaGUI", "CosmosKernelProvaGUI\CosmosKernelProvaGUI.csproj", "{F87DA822-9357-46E1-87DC-DA2ACD03BF62}"
EndProject
Global
	GlobalSection(SolutionConfigurationPlatforms) = preSolution
		Debug|Any CPU = Debug|Any CPU
		Release|Any CPU = Release|Any CPU
	EndGlobalSection
	GlobalSection(ProjectConfigurationPlatforms) = postSolution
		{F87DA822-9357-46E1-87DC-DA2ACD03BF62}.Debug|Any CPU.ActiveCfg = Debug|Any CPU
		{F87DA822-9357-46E1-87DC-DA2ACD03BF62}.Debug|Any CPU.Build.0 = Debug|Any CPU
		{F87DA822-9357-46E1-87DC-DA2ACD03BF62}.Release|Any CPU.ActiveCfg = Release|Any CPU
		{F87DA822-9357-46E1-87DC-DA2ACD03BF62}.Release|Any CPU.Build.0 = Release|Any CPU
	EndGlobalSection
	GlobalSection(SolutionProperties) = preSolution
		HideSolutionNode = FALSE
	EndGlobalSection
	GlobalSection(ExtensibilityGlobals) = postSolution
		SolutionGuid = {92A53520-E804-4293-983B-FFB4DB86C383}
	EndGlobalSection
EndGlobal
